
Microsoft Visual Studio Solution File, Format Version 12.00
# Visual Studio Version 17
VisualStudioVersion = 17.7.34202.233
MinimumVisualStudioVersion = 10.0.40219.1
Project("{FAE04EC0-301F-11D3-BF4B-00C04F79EFBC}") = "21", "21.csproj", "{3E1311F2-0C4E-4FB1-818F-5B4A35569804}"
EndProject
Global
	GlobalSection(SolutionConfigurationPlatforms) = preSolution
		Debug|Any CPU = Debug|Any CPU
		Release|Any CPU = Release|Any CPU
	EndGlobalSection
	GlobalSection(ProjectConfigurationPlatforms) = postSolution
		{3E1311F2-0C4E-4FB1-818F-5B4A35569804}.Debug|Any CPU.ActiveCfg = Debug|Any CPU
		{3E1311F2-0C4E-4FB1-818F-5B4A35569804}.Debug|Any CPU.Build.0 = Debug|Any CPU
		{3E1311F2-0C4E-4FB1-818F-5B4A35569804}.Release|Any CPU.ActiveCfg = Release|Any CPU
		{3E1311F2-0C4E-4FB1-818F-5B4A35569804}.Release|Any CPU.Build.0 = Release|Any CPU
	EndGlobalSection
	GlobalSection(SolutionProperties) = preSolution
		HideSolutionNode = FALSE
	EndGlobalSection
	GlobalSection(ExtensibilityGlobals) = postSolution
		SolutionGuid = {A2AA4CC5-F76B-4DAA-B63D-119ED12AD824}
	EndGlobalSection
EndGlobal
